{
  "name": "flightmap",
  "version": "1.0.0",
  "lockfileVersion": 1,
  "requires": true,
  "dependencies": {
    "prettier": {
      "version": "1.19.1",
      "resolved": "https://registry.npmjs.org/prettier/-/prettier-1.19.1.tgz",
      "integrity": "sha512-s7PoyDv/II1ObgQunCbB9PdLmUcBZcnWOcxDh7O0N/UwDEsHyqkW+Qh28jW+mVuCdx7gLB0BotYI1Y6uI9iyew=="
    },
    "three": {
      "version": "0.125.0",
      "resolved": "https://registry.npmjs.org/three/-/three-0.125.0.tgz",
      "integrity": "sha512-qL36qUGsPQ/Ofo/RZdXwHwM7A8wzUSAIyawtjIebJSPvounUQeneSqxI0aBY2iwKpseGy+RUtj3C5f/z4poyXw=="
    },
    "three.meshline": {
      "version": "1.0.3",
      "resolved": "https://registry.npmjs.org/three.meshline/-/three.meshline-1.0.3.tgz",
      "integrity": "sha1-hekZDZ3ha73P/MCDdGw+qCvhWps="
    }
  }
}
