prettier@^1.19.1:
  version "1.19.1"
  resolved "https://registry.yarnpkg.com/prettier/-/prettier-1.19.1.tgz#f7d7f5ff8a9cd872a7be4ca142095956a60797cb"

three.meshline@^1.0.3:
  version "1.3.0"
  resolved "https://registry.yarnpkg.com/three.meshline/-/three.meshline-1.3.0.tgz#362d9bd3480907a4d8a2663587722a34e5a7cc92"

three@^0.137.0:
  version "0.137.0"
  resolved "https://registry.yarnpkg.com/three/-/three-0.137.0.tgz#0ebd6ba66637a332c31f234bcdd35aeec071a6e3"
