# This file is generated by running "yarn install" inside your project.
# Manual changes might be lost - proceed with caution!

__metadata:
  version: 4
  cacheKey: 8

"flightmap@workspace:.":
  version: 0.0.0-use.local
  resolution: "flightmap@workspace:."
  dependencies:
    prettier: ^1.19.1
    three: ^0.91.0
    three.meshline: ^1.0.3
  languageName: unknown
  linkType: soft

"prettier@npm:^1.19.1":
  version: 1.19.1
  resolution: "prettier@npm:1.19.1"
  bin:
    prettier: ./bin-prettier.js
  checksum: bc78219e0f8173a808f4c6c8e0a137dd8ebd4fbe013e63fe1a37a82b48612f17b8ae8e18a992adf802ee2cf7428f14f084e7c2846ca5759cf4013c6e54810e1f
  languageName: node
  linkType: hard

"three.meshline@npm:^1.0.3":
  version: 1.3.0
  resolution: "three.meshline@npm:1.3.0"
  checksum: 08bf570ddf932aa7846c37d661b620c6fc5f75f7ae63febcdb1ae4bcba1fa86b62301175082a3fd2a33db0aa7073746797014e1b647d63a1ca389fced2de50dc
  languageName: node
  linkType: hard

"three@npm:^0.91.0":
  version: 0.91.0
  resolution: "three@npm:0.91.0"
  checksum: 5bbf54cdd436d1ddbc5d81a20c3b121a608b09c3f8fba7c294a741cf8d2844d0defae2cc967ccaa15b36d7b1215fc5a19cdfc3a64462d83bf89afd3857674724
  languageName: node
  linkType: hard
